
Microsoft Visual Studio Solution File, Format Version 12.00
# Visual Studio Version 17
VisualStudioVersion = 17.13.35806.99 d17.13
MinimumVisualStudioVersion = 10.0.40219.1
Project("{FAE04EC0-301F-11D3-BF4B-00C04F79EFBC}") = "Lab1_Zimenko_TV21", "Lab1_Zimenko_TV21.csproj", "{2D512834-70AE-4172-B691-E20C1899BF15}"
EndProject
Global
	GlobalSection(SolutionConfigurationPlatforms) = preSolution
		Debug|Any CPU = Debug|Any CPU
		Release|Any CPU = Release|Any CPU
	EndGlobalSection
	GlobalSection(ProjectConfigurationPlatforms) = postSolution
		{2D512834-70AE-4172-B691-E20C1899BF15}.Debug|Any CPU.ActiveCfg = Debug|Any CPU
		{2D512834-70AE-4172-B691-E20C1899BF15}.Debug|Any CPU.Build.0 = Debug|Any CPU
		{2D512834-70AE-4172-B691-E20C1899BF15}.Release|Any CPU.ActiveCfg = Release|Any CPU
		{2D512834-70AE-4172-B691-E20C1899BF15}.Release|Any CPU.Build.0 = Release|Any CPU
	EndGlobalSection
	GlobalSection(SolutionProperties) = preSolution
		HideSolutionNode = FALSE
	EndGlobalSection
	GlobalSection(ExtensibilityGlobals) = postSolution
		SolutionGuid = {67600BAB-00D0-4ED2-AB00-CEE22C6FF315}
	EndGlobalSection
EndGlobal
